
Microsoft Visual Studio Solution File, Format Version 12.00
# Visual Studio Version 16
VisualStudioVersion = 16.0.30011.22
MinimumVisualStudioVersion = 10.0.40219.1
Project("{FAE04EC0-301F-11D3-BF4B-00C04F79EFBC}") = "CedesistemasApp.UWP", "CedesistemasApp\CedesistemasApp.UWP\CedesistemasApp.UWP.csproj", "{DB8A3BE9-415C-4686-85B3-19333FA3EAD2}"
EndProject
Project("{FAE04EC0-301F-11D3-BF4B-00C04F79EFBC}") = "CedesistemasApp.Android", "CedesistemasApp\CedesistemasApp.Android\CedesistemasApp.Android.csproj", "{5FBD6600-CBBE-4CFE-A699-5C81769A2DF1}"
EndProject
Project("{FAE04EC0-301F-11D3-BF4B-00C04F79EFBC}") = "CedesistemasApp.iOS", "CedesistemasApp\CedesistemasApp.iOS\CedesistemasApp.iOS.csproj", "{55DB236D-9933-444E-ACD9-A86C24A76299}"
EndProject
Project("{FAE04EC0-301F-11D3-BF4B-00C04F79EFBC}") = "CedesistemasApp", "CedesistemasApp\CedesistemasApp\CedesistemasApp.csproj", "{1AED5DC1-3540-4EB2-94D3-86CC71CC96AF}"
EndProject
Global
	GlobalSection(SolutionConfigurationPlatforms) = preSolution
		Debug|Any CPU = Debug|Any CPU
		Debug|ARM = Debug|ARM
		Debug|iPhone = Debug|iPhone
		Debug|iPhoneSimulator = Debug|iPhoneSimulator
		Debug|x64 = Debug|x64
		Debug|x86 = Debug|x86
		Release|Any CPU = Release|Any CPU
		Release|ARM = Release|ARM
		Release|iPhone = Release|iPhone
		Release|iPhoneSimulator = Release|iPhoneSimulator
		Release|x64 = Release|x64
		Release|x86 = Release|x86
	EndGlobalSection
	GlobalSection(ProjectConfigurationPlatforms) = postSolution
		{DB8A3BE9-415C-4686-85B3-19333FA3EAD2}.Debug|Any CPU.ActiveCfg = Debug|x86
		{DB8A3BE9-415C-4686-85B3-19333FA3EAD2}.Debug|Any CPU.Build.0 = Debug|x86
		{DB8A3BE9-415C-4686-85B3-19333FA3EAD2}.Debug|Any CPU.Deploy.0 = Debug|x86
		{DB8A3BE9-415C-4686-85B3-19333FA3EAD2}.Debug|ARM.ActiveCfg = Debug|ARM
		{DB8A3BE9-415C-4686-85B3-19333FA3EAD2}.Debug|ARM.Build.0 = Debug|ARM
		{DB8A3BE9-415C-4686-85B3-19333FA3EAD2}.Debug|ARM.Deploy.0 = Debug|ARM
		{DB8A3BE9-415C-4686-85B3-19333FA3EAD2}.Debug|iPhone.ActiveCfg = Debug|x86
		{DB8A3BE9-415C-4686-85B3-19333FA3EAD2}.Debug|iPhone.Build.0 = Debug|x86
		{DB8A3BE9-415C-4686-85B3-19333FA3EAD2}.Debug|iPhone.Deploy.0 = Debug|x86
		{DB8A3BE9-415C-4686-85B3-19333FA3EAD2}.Debug|iPhoneSimulator.ActiveCfg = Debug|x86
		{DB8A3BE9-415C-4686-85B3-19333FA3EAD2}.Debug|iPhoneSimulator.Build.0 = Debug|x86
		{DB8A3BE9-415C-4686-85B3-19333FA3EAD2}.Debug|iPhoneSimulator.Deploy.0 = Debug|x86
		{DB8A3BE9-415C-4686-85B3-19333FA3EAD2}.Debug|x64.ActiveCfg = Debug|x64
		{DB8A3BE9-415C-4686-85B3-19333FA3EAD2}.Debug|x64.Build.0 = Debug|x64
		{DB8A3BE9-415C-4686-85B3-19333FA3EAD2}.Debug|x64.Deploy.0 = Debug|x64
		{DB8A3BE9-415C-4686-85B3-19333FA3EAD2}.Debug|x86.ActiveCfg = Debug|x86
		{DB8A3BE9-415C-4686-85B3-19333FA3EAD2}.Debug|x86.Build.0 = Debug|x86
		{DB8A3BE9-415C-4686-85B3-19333FA3EAD2}.Debug|x86.Deploy.0 = Debug|x86
		{DB8A3BE9-415C-4686-85B3-19333FA3EAD2}.Release|Any CPU.ActiveCfg = Release|x86
		{DB8A3BE9-415C-4686-85B3-19333FA3EAD2}.Release|Any CPU.Build.0 = Release|x86
		{DB8A3BE9-415C-4686-85B3-19333FA3EAD2}.Release|Any CPU.Deploy.0 = Release|x86
		{DB8A3BE9-415C-4686-85B3-19333FA3EAD2}.Release|ARM.ActiveCfg = Release|ARM
		{DB8A3BE9-415C-4686-85B3-19333FA3EAD2}.Release|ARM.Build.0 = Release|ARM
		{DB8A3BE9-415C-4686-85B3-19333FA3EAD2}.Release|ARM.Deploy.0 = Release|ARM
		{DB8A3BE9-415C-4686-85B3-19333FA3EAD2}.Release|iPhone.ActiveCfg = Release|x86
		{DB8A3BE9-415C-4686-85B3-19333FA3EAD2}.Release|iPhone.Build.0 = Release|x86
		{DB8A3BE9-415C-4686-85B3-19333FA3EAD2}.Release|iPhone.Deploy.0 = Release|x86
		{DB8A3BE9-415C-4686-85B3-19333FA3EAD2}.Release|iPhoneSimulator.ActiveCfg = Release|x86
		{DB8A3BE9-415C-4686-85B3-19333FA3EAD2}.Release|iPhoneSimulator.Build.0 = Release|x86
		{DB8A3BE9-415C-4686-85B3-19333FA3EAD2}.Release|iPhoneSimulator.Deploy.0 = Release|x86
		{DB8A3BE9-415C-4686-85B3-19333FA3EAD2}.Release|x64.ActiveCfg = Release|x64
		{DB8A3BE9-415C-4686-85B3-19333FA3EAD2}.Release|x64.Build.0 = Release|x64
		{DB8A3BE9-415C-4686-85B3-19333FA3EAD2}.Release|x64.Deploy.0 = Release|x64
		{DB8A3BE9-415C-4686-85B3-19333FA3EAD2}.Release|x86.ActiveCfg = Release|x86
		{DB8A3BE9-415C-4686-85B3-19333FA3EAD2}.Release|x86.Build.0 = Release|x86
		{DB8A3BE9-415C-4686-85B3-19333FA3EAD2}.Release|x86.Deploy.0 = Release|x86
		{5FBD6600-CBBE-4CFE-A699-5C81769A2DF1}.Debug|Any CPU.ActiveCfg = Debug|Any CPU
		{5FBD6600-CBBE-4CFE-A699-5C81769A2DF1}.Debug|Any CPU.Build.0 = Debug|Any CPU
		{5FBD6600-CBBE-4CFE-A699-5C81769A2DF1}.Debug|Any CPU.Deploy.0 = Debug|Any CPU
		{5FBD6600-CBBE-4CFE-A699-5C81769A2DF1}.Debug|ARM.ActiveCfg = Debug|Any CPU
		{5FBD6600-CBBE-4CFE-A699-5C81769A2DF1}.Debug|ARM.Build.0 = Debug|Any CPU
		{5FBD6600-CBBE-4CFE-A699-5C81769A2DF1}.Debug|ARM.Deploy.0 = Debug|Any CPU
		{5FBD6600-CBBE-4CFE-A699-5C81769A2DF1}.Debug|iPhone.ActiveCfg = Debug|Any CPU
		{5FBD6600-CBBE-4CFE-A699-5C81769A2DF1}.Debug|iPhone.Build.0 = Debug|Any CPU
		{5FBD6600-CBBE-4CFE-A699-5C81769A2DF1}.Debug|iPhone.Deploy.0 = Debug|Any CPU
		{5FBD6600-CBBE-4CFE-A699-5C81769A2DF1}.Debug|iPhoneSimulator.ActiveCfg = Debug|Any CPU
		{5FBD6600-CBBE-4CFE-A699-5C81769A2DF1}.Debug|iPhoneSimulator.Build.0 = Debug|Any CPU
		{5FBD6600-CBBE-4CFE-A699-5C81769A2DF1}.Debug|iPhoneSimulator.Deploy.0 = Debug|Any CPU
		{5FBD6600-CBBE-4CFE-A699-5C81769A2DF1}.Debug|x64.ActiveCfg = Debug|Any CPU
		{5FBD6600-CBBE-4CFE-A699-5C81769A2DF1}.Debug|x64.Build.0 = Debug|Any CPU
		{5FBD6600-CBBE-4CFE-A699-5C81769A2DF1}.Debug|x64.Deploy.0 = Debug|Any CPU
		{5FBD6600-CBBE-4CFE-A699-5C81769A2DF1}.Debug|x86.ActiveCfg = Debug|Any CPU
		{5FBD6600-CBBE-4CFE-A699-5C81769A2DF1}.Debug|x86.Build.0 = Debug|Any CPU
		{5FBD6600-CBBE-4CFE-A699-5C81769A2DF1}.Debug|x86.Deploy.0 = Debug|Any CPU
		{5FBD6600-CBBE-4CFE-A699-5C81769A2DF1}.Release|Any CPU.ActiveCfg = Release|Any CPU
		{5FBD6600-CBBE-4CFE-A699-5C81769A2DF1}.Release|Any CPU.Build.0 = Release|Any CPU
		{5FBD6600-CBBE-4CFE-A699-5C81769A2DF1}.Release|Any CPU.Deploy.0 = Release|Any CPU
		{5FBD6600-CBBE-4CFE-A699-5C81769A2DF1}.Release|ARM.ActiveCfg = Release|Any CPU
		{5FBD6600-CBBE-4CFE-A699-5C81769A2DF1}.Release|ARM.Build.0 = Release|Any CPU
		{5FBD6600-CBBE-4CFE-A699-5C81769A2DF1}.Release|ARM.Deploy.0 = Release|Any CPU
		{5FBD6600-CBBE-4CFE-A699-5C81769A2DF1}.Release|iPhone.ActiveCfg = Release|Any CPU
		{5FBD6600-CBBE-4CFE-A699-5C81769A2DF1}.Release|iPhone.Build.0 = Release|Any CPU
		{5FBD6600-CBBE-4CFE-A699-5C81769A2DF1}.Release|iPhone.Deploy.0 = Release|Any CPU
		{5FBD6600-CBBE-4CFE-A699-5C81769A2DF1}.Release|iPhoneSimulator.ActiveCfg = Release|Any CPU
		{5FBD6600-CBBE-4CFE-A699-5C81769A2DF1}.Release|iPhoneSimulator.Build.0 = Release|Any CPU
		{5FBD6600-CBBE-4CFE-A699-5C81769A2DF1}.Release|iPhoneSimulator.Deploy.0 = Release|Any CPU
		{5FBD6600-CBBE-4CFE-A699-5C81769A2DF1}.Release|x64.ActiveCfg = Release|Any CPU
		{5FBD6600-CBBE-4CFE-A699-5C81769A2DF1}.Release|x64.Build.0 = Release|Any CPU
		{5FBD6600-CBBE-4CFE-A699-5C81769A2DF1}.Release|x64.Deploy.0 = Release|Any CPU
		{5FBD6600-CBBE-4CFE-A699-5C81769A2DF1}.Release|x86.ActiveCfg = Release|Any CPU
		{5FBD6600-CBBE-4CFE-A699-5C81769A2DF1}.Release|x86.Build.0 = Release|Any CPU
		{5FBD6600-CBBE-4CFE-A699-5C81769A2DF1}.Release|x86.Deploy.0 = Release|Any CPU
		{55DB236D-9933-444E-ACD9-A86C24A76299}.Debug|Any CPU.ActiveCfg = Debug|iPhone
		{55DB236D-9933-444E-ACD9-A86C24A76299}.Debug|Any CPU.Build.0 = Debug|iPhone
		{55DB236D-9933-444E-ACD9-A86C24A76299}.Debug|Any CPU.Deploy.0 = Debug|iPhone
		{55DB236D-9933-444E-ACD9-A86C24A76299}.Debug|ARM.ActiveCfg = Debug|iPhone
		{55DB236D-9933-444E-ACD9-A86C24A76299}.Debug|ARM.Build.0 = Debug|iPhone
		{55DB236D-9933-444E-ACD9-A86C24A76299}.Debug|ARM.Deploy.0 = Debug|iPhone
		{55DB236D-9933-444E-ACD9-A86C24A76299}.Debug|iPhone.ActiveCfg = Debug|iPhone
		{55DB236D-9933-444E-ACD9-A86C24A76299}.Debug|iPhone.Build.0 = Debug|iPhone
		{55DB236D-9933-444E-ACD9-A86C24A76299}.Debug|iPhone.Deploy.0 = Debug|iPhone
		{55DB236D-9933-444E-ACD9-A86C24A76299}.Debug|iPhoneSimulator.ActiveCfg = Debug|iPhoneSimulator
		{55DB236D-9933-444E-ACD9-A86C24A76299}.Debug|iPhoneSimulator.Build.0 = Debug|iPhoneSimulator
		{55DB236D-9933-444E-ACD9-A86C24A76299}.Debug|iPhoneSimulator.Deploy.0 = Debug|iPhoneSimulator
		{55DB236D-9933-444E-ACD9-A86C24A76299}.Debug|x64.ActiveCfg = Debug|iPhone
		{55DB236D-9933-444E-ACD9-A86C24A76299}.Debug|x64.Build.0 = Debug|iPhone
		{55DB236D-9933-444E-ACD9-A86C24A76299}.Debug|x64.Deploy.0 = Debug|iPhone
		{55DB236D-9933-444E-ACD9-A86C24A76299}.Debug|x86.ActiveCfg = Debug|iPhone
		{55DB236D-9933-444E-ACD9-A86C24A76299}.Debug|x86.Build.0 = Debug|iPhone
		{55DB236D-9933-444E-ACD9-A86C24A76299}.Debug|x86.Deploy.0 = Debug|iPhone
		{55DB236D-9933-444E-ACD9-A86C24A76299}.Release|Any CPU.ActiveCfg = Release|iPhone
		{55DB236D-9933-444E-ACD9-A86C24A76299}.Release|Any CPU.Build.0 = Release|iPhone
		{55DB236D-9933-444E-ACD9-A86C24A76299}.Release|Any CPU.Deploy.0 = Release|iPhone
		{55DB236D-9933-444E-ACD9-A86C24A76299}.Release|ARM.ActiveCfg = Release|iPhone
		{55DB236D-9933-444E-ACD9-A86C24A76299}.Release|ARM.Build.0 = Release|iPhone
		{55DB236D-9933-444E-ACD9-A86C24A76299}.Release|ARM.Deploy.0 = Release|iPhone
		{55DB236D-9933-444E-ACD9-A86C24A76299}.Release|iPhone.ActiveCfg = Release|iPhone
		{55DB236D-9933-444E-ACD9-A86C24A76299}.Release|iPhone.Build.0 = Release|iPhone
		{55DB236D-9933-444E-ACD9-A86C24A76299}.Release|iPhone.Deploy.0 = Release|iPhone
		{55DB236D-9933-444E-ACD9-A86C24A76299}.Release|iPhoneSimulator.ActiveCfg = Release|iPhoneSimulator
		{55DB236D-9933-444E-ACD9-A86C24A76299}.Release|iPhoneSimulator.Build.0 = Release|iPhoneSimulator
		{55DB236D-9933-444E-ACD9-A86C24A76299}.Release|iPhoneSimulator.Deploy.0 = Release|iPhoneSimulator
		{55DB236D-9933-444E-ACD9-A86C24A76299}.Release|x64.ActiveCfg = Release|iPhone
		{55DB236D-9933-444E-ACD9-A86C24A76299}.Release|x64.Build.0 = Release|iPhone
		{55DB236D-9933-444E-ACD9-A86C24A76299}.Release|x64.Deploy.0 = Release|iPhone
		{55DB236D-9933-444E-ACD9-A86C24A76299}.Release|x86.ActiveCfg = Release|iPhone
		{55DB236D-9933-444E-ACD9-A86C24A76299}.Release|x86.Build.0 = Release|iPhone
		{55DB236D-9933-444E-ACD9-A86C24A76299}.Release|x86.Deploy.0 = Release|iPhone
		{1AED5DC1-3540-4EB2-94D3-86CC71CC96AF}.Debug|Any CPU.ActiveCfg = Debug|Any CPU
		{1AED5DC1-3540-4EB2-94D3-86CC71CC96AF}.Debug|Any CPU.Build.0 = Debug|Any CPU
		{1AED5DC1-3540-4EB2-94D3-86CC71CC96AF}.Debug|Any CPU.Deploy.0 = Debug|Any CPU
		{1AED5DC1-3540-4EB2-94D3-86CC71CC96AF}.Debug|ARM.ActiveCfg = Debug|Any CPU
		{1AED5DC1-3540-4EB2-94D3-86CC71CC96AF}.Debug|ARM.Build.0 = Debug|Any CPU
		{1AED5DC1-3540-4EB2-94D3-86CC71CC96AF}.Debug|ARM.Deploy.0 = Debug|Any CPU
		{1AED5DC1-3540-4EB2-94D3-86CC71CC96AF}.Debug|iPhone.ActiveCfg = Debug|Any CPU
		{1AED5DC1-3540-4EB2-94D3-86CC71CC96AF}.Debug|iPhone.Build.0 = Debug|Any CPU
		{1AED5DC1-3540-4EB2-94D3-86CC71CC96AF}.Debug|iPhone.Deploy.0 = Debug|Any CPU
		{1AED5DC1-3540-4EB2-94D3-86CC71CC96AF}.Debug|iPhoneSimulator.ActiveCfg = Debug|Any CPU
		{1AED5DC1-3540-4EB2-94D3-86CC71CC96AF}.Debug|iPhoneSimulator.Build.0 = Debug|Any CPU
		{1AED5DC1-3540-4EB2-94D3-86CC71CC96AF}.Debug|iPhoneSimulator.Deploy.0 = Debug|Any CPU
		{1AED5DC1-3540-4EB2-94D3-86CC71CC96AF}.Debug|x64.ActiveCfg = Debug|Any CPU
		{1AED5DC1-3540-4EB2-94D3-86CC71CC96AF}.Debug|x64.Build.0 = Debug|Any CPU
		{1AED5DC1-3540-4EB2-94D3-86CC71CC96AF}.Debug|x64.Deploy.0 = Debug|Any CPU
		{1AED5DC1-3540-4EB2-94D3-86CC71CC96AF}.Debug|x86.ActiveCfg = Debug|Any CPU
		{1AED5DC1-3540-4EB2-94D3-86CC71CC96AF}.Debug|x86.Build.0 = Debug|Any CPU
		{1AED5DC1-3540-4EB2-94D3-86CC71CC96AF}.Debug|x86.Deploy.0 = Debug|Any CPU
		{1AED5DC1-3540-4EB2-94D3-86CC71CC96AF}.Release|Any CPU.ActiveCfg = Release|Any CPU
		{1AED5DC1-3540-4EB2-94D3-86CC71CC96AF}.Release|Any CPU.Build.0 = Release|Any CPU
		{1AED5DC1-3540-4EB2-94D3-86CC71CC96AF}.Release|Any CPU.Deploy.0 = Release|Any CPU
		{1AED5DC1-3540-4EB2-94D3-86CC71CC96AF}.Release|ARM.ActiveCfg = Release|Any CPU
		{1AED5DC1-3540-4EB2-94D3-86CC71CC96AF}.Release|ARM.Build.0 = Release|Any CPU
		{1AED5DC1-3540-4EB2-94D3-86CC71CC96AF}.Release|ARM.Deploy.0 = Release|Any CPU
		{1AED5DC1-3540-4EB2-94D3-86CC71CC96AF}.Release|iPhone.ActiveCfg = Release|Any CPU
		{1AED5DC1-3540-4EB2-94D3-86CC71CC96AF}.Release|iPhone.Build.0 = Release|Any CPU
		{1AED5DC1-3540-4EB2-94D3-86CC71CC96AF}.Release|iPhone.Deploy.0 = Release|Any CPU
		{1AED5DC1-3540-4EB2-94D3-86CC71CC96AF}.Release|iPhoneSimulator.ActiveCfg = Release|Any CPU
		{1AED5DC1-3540-4EB2-94D3-86CC71CC96AF}.Release|iPhoneSimulator.Build.0 = Release|Any CPU
		{1AED5DC1-3540-4EB2-94D3-86CC71CC96AF}.Release|iPhoneSimulator.Deploy.0 = Release|Any CPU
		{1AED5DC1-3540-4EB2-94D3-86CC71CC96AF}.Release|x64.ActiveCfg = Release|Any CPU
		{1AED5DC1-3540-4EB2-94D3-86CC71CC96AF}.Release|x64.Build.0 = Release|Any CPU
		{1AED5DC1-3540-4EB2-94D3-86CC71CC96AF}.Release|x64.Deploy.0 = Release|Any CPU
		{1AED5DC1-3540-4EB2-94D3-86CC71CC96AF}.Release|x86.ActiveCfg = Release|Any CPU
		{1AED5DC1-3540-4EB2-94D3-86CC71CC96AF}.Release|x86.Build.0 = Release|Any CPU
		{1AED5DC1-3540-4EB2-94D3-86CC71CC96AF}.Release|x86.Deploy.0 = Release|Any CPU
	EndGlobalSection
	GlobalSection(SolutionProperties) = preSolution
		HideSolutionNode = FALSE
	EndGlobalSection
	GlobalSection(ExtensibilityGlobals) = postSolution
		SolutionGuid = {BDB71149-3FA0-4732-A441-412AF8450D1D}
	EndGlobalSection
EndGlobal
